// !$*UTF8*$!
{
	archiveVersion = 1;
	classes = {
	};
	objectVersion = 46;
	objects = {

/* Begin PBXBuildFile section */
		429984D41A0C477A00B4FD7D /* testJAmes.swift in Sources */ = {isa = PBXBuildFile; fileRef = 429984D31A0C477A00B4FD7D /* testJAmes.swift */; };
		42BD9EB61A0C46500000B77A /* FacebookSDK.framework in Frameworks */ = {isa = PBXBuildFile; fileRef = 42BD9EB51A0C46500000B77A /* FacebookSDK.framework */; };
		ACC499A51A0C3055000E5073 /* AppDelegate.swift in Sources */ = {isa = PBXBuildFile; fileRef = ACC499A41A0C3055000E5073 /* AppDelegate.swift */; };
		ACC499A81A0C3055000E5073 /* theList.xcdatamodeld in Sources */ = {isa = PBXBuildFile; fileRef = ACC499A61A0C3055000E5073 /* theList.xcdatamodeld */; };
		ACC499AA1A0C3055000E5073 /* ViewController.swift in Sources */ = {isa = PBXBuildFile; fileRef = ACC499A91A0C3055000E5073 /* ViewController.swift */; };
		ACC499AD1A0C3055000E5073 /* Main.storyboard in Resources */ = {isa = PBXBuildFile; fileRef = ACC499AB1A0C3055000E5073 /* Main.storyboard */; };
		ACC499AF1A0C3055000E5073 /* Images.xcassets in Resources */ = {isa = PBXBuildFile; fileRef = ACC499AE1A0C3055000E5073 /* Images.xcassets */; };
		ACC499B21A0C3055000E5073 /* LaunchScreen.xib in Resources */ = {isa = PBXBuildFile; fileRef = ACC499B01A0C3055000E5073 /* LaunchScreen.xib */; };
		ACC499BE1A0C3056000E5073 /* theListTests.swift in Sources */ = {isa = PBXBuildFile; fileRef = ACC499BD1A0C3056000E5073 /* theListTests.swift */; };
		ACC499C91A0C3167000E5073 /* CloudKit.framework in Frameworks */ = {isa = PBXBuildFile; fileRef = ACC499C81A0C3167000E5073 /* CloudKit.framework */; };
		ACF384471A0C3710006CE905 /* LoginViewController.swift in Sources */ = {isa = PBXBuildFile; fileRef = ACF384461A0C3710006CE905 /* LoginViewController.swift */; };
		ACF384491A0C3A65006CE905 /* CreateUserViewController.swift in Sources */ = {isa = PBXBuildFile; fileRef = ACF384481A0C3A65006CE905 /* CreateUserViewController.swift */; };
		C5AA58461A0C442300910EBD /* FacebookSDK.framework in Frameworks */ = {isa = PBXBuildFile; fileRef = C5AA58451A0C442300910EBD /* FacebookSDK.framework */; };
/* End PBXBuildFile section */

/* Begin PBXContainerItemProxy section */
		ACC499B81A0C3056000E5073 /* PBXContainerItemProxy */ = {
			isa = PBXContainerItemProxy;
			containerPortal = ACC499971A0C3055000E5073 /* Project object */;
			proxyType = 1;
			remoteGlobalIDString = ACC4999E1A0C3055000E5073;
			remoteInfo = theList;
		};
/* End PBXContainerItemProxy section */

/* Begin PBXFileReference section */
		429984D31A0C477A00B4FD7D /* testJAmes.swift */ = {isa = PBXFileReference; fileEncoding = 4; lastKnownFileType = sourcecode.swift; path = testJAmes.swift; sourceTree = "<group>"; };
		42BD9EB51A0C46500000B77A /* FacebookSDK.framework */ = {isa = PBXFileReference; lastKnownFileType = wrapper.framework; name = FacebookSDK.framework; path = ../facebookPhotos/FacebookSDK/FacebookSDK.framework; sourceTree = "<group>"; };
		ACC4999F1A0C3055000E5073 /* theList.app */ = {isa = PBXFileReference; explicitFileType = wrapper.application; includeInIndex = 0; path = theList.app; sourceTree = BUILT_PRODUCTS_DIR; };
		ACC499A31A0C3055000E5073 /* Info.plist */ = {isa = PBXFileReference; lastKnownFileType = text.plist.xml; path = Info.plist; sourceTree = "<group>"; };
		ACC499A41A0C3055000E5073 /* AppDelegate.swift */ = {isa = PBXFileReference; lastKnownFileType = sourcecode.swift; path = AppDelegate.swift; sourceTree = "<group>"; };
		ACC499A71A0C3055000E5073 /* theList.xcdatamodel */ = {isa = PBXFileReference; lastKnownFileType = wrapper.xcdatamodel; path = theList.xcdatamodel; sourceTree = "<group>"; };
		ACC499A91A0C3055000E5073 /* ViewController.swift */ = {isa = PBXFileReference; lastKnownFileType = sourcecode.swift; path = ViewController.swift; sourceTree = "<group>"; };
		ACC499AC1A0C3055000E5073 /* Base */ = {isa = PBXFileReference; lastKnownFileType = file.storyboard; name = Base; path = Base.lproj/Main.storyboard; sourceTree = "<group>"; };
		ACC499AE1A0C3055000E5073 /* Images.xcassets */ = {isa = PBXFileReference; lastKnownFileType = folder.assetcatalog; path = Images.xcassets; sourceTree = "<group>"; };
		ACC499B11A0C3055000E5073 /* Base */ = {isa = PBXFileReference; lastKnownFileType = file.xib; name = Base; path = Base.lproj/LaunchScreen.xib; sourceTree = "<group>"; };
		ACC499B71A0C3056000E5073 /* theListTests.xctest */ = {isa = PBXFileReference; explicitFileType = wrapper.cfbundle; includeInIndex = 0; path = theListTests.xctest; sourceTree = BUILT_PRODUCTS_DIR; };
		ACC499BC1A0C3056000E5073 /* Info.plist */ = {isa = PBXFileReference; lastKnownFileType = text.plist.xml; path = Info.plist; sourceTree = "<group>"; };
		ACC499BD1A0C3056000E5073 /* theListTests.swift */ = {isa = PBXFileReference; lastKnownFileType = sourcecode.swift; path = theListTests.swift; sourceTree = "<group>"; };
		ACC499C71A0C30E5000E5073 /* theList.entitlements */ = {isa = PBXFileReference; lastKnownFileType = text.xml; path = theList.entitlements; sourceTree = "<group>"; };
		ACC499C81A0C3167000E5073 /* CloudKit.framework */ = {isa = PBXFileReference; lastKnownFileType = wrapper.framework; name = CloudKit.framework; path = System/Library/Frameworks/CloudKit.framework; sourceTree = SDKROOT; };
		ACF384431A0C3554006CE905 /* Bridge-Header.h */ = {isa = PBXFileReference; lastKnownFileType = sourcecode.c.h; path = "Bridge-Header.h"; sourceTree = "<group>"; };
		ACF384461A0C3710006CE905 /* LoginViewController.swift */ = {isa = PBXFileReference; fileEncoding = 4; lastKnownFileType = sourcecode.swift; path = LoginViewController.swift; sourceTree = "<group>"; };
		ACF384481A0C3A65006CE905 /* CreateUserViewController.swift */ = {isa = PBXFileReference; fileEncoding = 4; lastKnownFileType = sourcecode.swift; path = CreateUserViewController.swift; sourceTree = "<group>"; };
		C5AA58451A0C442300910EBD /* FacebookSDK.framework */ = {isa = PBXFileReference; lastKnownFileType = wrapper.framework; name = FacebookSDK.framework; path = ../FacebookSDK.framework; sourceTree = "<group>"; };
/* End PBXFileReference section */

/* Begin PBXFrameworksBuildPhase section */
		ACC4999C1A0C3055000E5073 /* Frameworks */ = {
			isa = PBXFrameworksBuildPhase;
			buildActionMask = 2147483647;
			files = (
				ACC499C91A0C3167000E5073 /* CloudKit.framework in Frameworks */,
				42BD9EB61A0C46500000B77A /* FacebookSDK.framework in Frameworks */,
			);
			runOnlyForDeploymentPostprocessing = 0;
		};
		ACC499B41A0C3056000E5073 /* Frameworks */ = {
			isa = PBXFrameworksBuildPhase;
			buildActionMask = 2147483647;
			files = (
			);
			runOnlyForDeploymentPostprocessing = 0;
		};
/* End PBXFrameworksBuildPhase section */

/* Begin PBXGroup section */
		ACC499961A0C3055000E5073 = {
			isa = PBXGroup;
			children = (
				42BD9EB51A0C46500000B77A /* FacebookSDK.framework */,
				ACC499C81A0C3167000E5073 /* CloudKit.framework */,
				ACC499A11A0C3055000E5073 /* theList */,
				ACC499BA1A0C3056000E5073 /* theListTests */,
				ACC499A01A0C3055000E5073 /* Products */,
			);
			sourceTree = "<group>";
		};
		ACC499A01A0C3055000E5073 /* Products */ = {
			isa = PBXGroup;
			children = (
				ACC4999F1A0C3055000E5073 /* theList.app */,
				ACC499B71A0C3056000E5073 /* theListTests.xctest */,
			);
			name = Products;
			sourceTree = "<group>";
		};
		ACC499A11A0C3055000E5073 /* theList */ = {
			isa = PBXGroup;
			children = (
				ACC499C71A0C30E5000E5073 /* theList.entitlements */,
				ACC499A41A0C3055000E5073 /* AppDelegate.swift */,
				ACC499A91A0C3055000E5073 /* ViewController.swift */,
				429984D31A0C477A00B4FD7D /* testJAmes.swift */,
				ACF384481A0C3A65006CE905 /* CreateUserViewController.swift */,
				ACF384461A0C3710006CE905 /* LoginViewController.swift */,
				ACF384431A0C3554006CE905 /* Bridge-Header.h */,
				ACC499AB1A0C3055000E5073 /* Main.storyboard */,
				ACC499AE1A0C3055000E5073 /* Images.xcassets */,
				ACC499B01A0C3055000E5073 /* LaunchScreen.xib */,
				ACC499A61A0C3055000E5073 /* theList.xcdatamodeld */,
				ACC499A21A0C3055000E5073 /* Supporting Files */,
			);
			path = theList;
			sourceTree = "<group>";
		};
		ACC499A21A0C3055000E5073 /* Supporting Files */ = {
			isa = PBXGroup;
			children = (
				ACC499A31A0C3055000E5073 /* Info.plist */,
			);
			name = "Supporting Files";
			sourceTree = "<group>";
		};
		ACC499BA1A0C3056000E5073 /* theListTests */ = {
			isa = PBXGroup;
			children = (
				ACC499BD1A0C3056000E5073 /* theListTests.swift */,
				ACC499BB1A0C3056000E5073 /* Supporting Files */,
			);
			path = theListTests;
			sourceTree = "<group>";
		};
		ACC499BB1A0C3056000E5073 /* Supporting Files */ = {
			isa = PBXGroup;
			children = (
				ACC499BC1A0C3056000E5073 /* Info.plist */,
			);
			name = "Supporting Files";
			sourceTree = "<group>";
		};
/* End PBXGroup section */

/* Begin PBXNativeTarget section */
		ACC4999E1A0C3055000E5073 /* theList */ = {
			isa = PBXNativeTarget;
			buildConfigurationList = ACC499C11A0C3056000E5073 /* Build configuration list for PBXNativeTarget "theList" */;
			buildPhases = (
				ACC4999B1A0C3055000E5073 /* Sources */,
				ACC4999C1A0C3055000E5073 /* Frameworks */,
				ACC4999D1A0C3055000E5073 /* Resources */,
			);
			buildRules = (
			);
			dependencies = (
			);
			name = theList;
			productName = theList;
			productReference = ACC4999F1A0C3055000E5073 /* theList.app */;
			productType = "com.apple.product-type.application";
		};
		ACC499B61A0C3056000E5073 /* theListTests */ = {
			isa = PBXNativeTarget;
			buildConfigurationList = ACC499C41A0C3056000E5073 /* Build configuration list for PBXNativeTarget "theListTests" */;
			buildPhases = (
				ACC499B31A0C3056000E5073 /* Sources */,
				ACC499B41A0C3056000E5073 /* Frameworks */,
				ACC499B51A0C3056000E5073 /* Resources */,
			);
			buildRules = (
			);
			dependencies = (
				ACC499B91A0C3056000E5073 /* PBXTargetDependency */,
			);
			name = theListTests;
			productName = theListTests;
			productReference = ACC499B71A0C3056000E5073 /* theListTests.xctest */;
			productType = "com.apple.product-type.bundle.unit-test";
		};
/* End PBXNativeTarget section */

/* Begin PBXProject section */
		ACC499971A0C3055000E5073 /* Project object */ = {
			isa = PBXProject;
			attributes = {
				LastUpgradeCheck = 0610;
				ORGANIZATIONNAME = "Abeba Lab";
				TargetAttributes = {
					ACC4999E1A0C3055000E5073 = {
						CreatedOnToolsVersion = 6.1;
						DevelopmentTeam = 78J97CLV67;
						SystemCapabilities = {
							com.apple.iCloud = {
								enabled = 1;
							};
						};
					};
					ACC499B61A0C3056000E5073 = {
						CreatedOnToolsVersion = 6.1;
						TestTargetID = ACC4999E1A0C3055000E5073;
					};
				};
			};
			buildConfigurationList = ACC4999A1A0C3055000E5073 /* Build configuration list for PBXProject "theList" */;
			compatibilityVersion = "Xcode 3.2";
			developmentRegion = English;
			hasScannedForEncodings = 0;
			knownRegions = (
				en,
				Base,
			);
			mainGroup = ACC499961A0C3055000E5073;
			productRefGroup = ACC499A01A0C3055000E5073 /* Products */;
			projectDirPath = "";
			projectRoot = "";
			targets = (
				ACC4999E1A0C3055000E5073 /* theList */,
				ACC499B61A0C3056000E5073 /* theListTests */,
			);
		};
/* End PBXProject section */

/* Begin PBXResourcesBuildPhase section */
		ACC4999D1A0C3055000E5073 /* Resources */ = {
			isa = PBXResourcesBuildPhase;
			buildActionMask = 2147483647;
			files = (
				ACC499AD1A0C3055000E5073 /* Main.storyboard in Resources */,
				ACC499B21A0C3055000E5073 /* LaunchScreen.xib in Resources */,
				ACC499AF1A0C3055000E5073 /* Images.xcassets in Resources */,
			);
			runOnlyForDeploymentPostprocessing = 0;
		};
		ACC499B51A0C3056000E5073 /* Resources */ = {
			isa = PBXResourcesBuildPhase;
			buildActionMask = 2147483647;
			files = (
			);
			runOnlyForDeploymentPostprocessing = 0;
		};
/* End PBXResourcesBuildPhase section */

/* Begin PBXSourcesBuildPhase section */
		ACC4999B1A0C3055000E5073 /* Sources */ = {
			isa = PBXSourcesBuildPhase;
			buildActionMask = 2147483647;
			files = (
				ACF384471A0C3710006CE905 /* LoginViewController.swift in Sources */,
				ACF384491A0C3A65006CE905 /* CreateUserViewController.swift in Sources */,
				429984D41A0C477A00B4FD7D /* testJAmes.swift in Sources */,
				ACC499AA1A0C3055000E5073 /* ViewController.swift in Sources */,
				ACC499A51A0C3055000E5073 /* AppDelegate.swift in Sources */,
				ACC499A81A0C3055000E5073 /* theList.xcdatamodeld in Sources */,
			);
			runOnlyForDeploymentPostprocessing = 0;
		};
		ACC499B31A0C3056000E5073 /* Sources */ = {
			isa = PBXSourcesBuildPhase;
			buildActionMask = 2147483647;
			files = (
				ACC499BE1A0C3056000E5073 /* theListTests.swift in Sources */,
			);
			runOnlyForDeploymentPostprocessing = 0;
		};
/* End PBXSourcesBuildPhase section */

/* Begin PBXTargetDependency section */
		ACC499B91A0C3056000E5073 /* PBXTargetDependency */ = {
			isa = PBXTargetDependency;
			target = ACC4999E1A0C3055000E5073 /* theList */;
			targetProxy = ACC499B81A0C3056000E5073 /* PBXContainerItemProxy */;
		};
/* End PBXTargetDependency section */

/* Begin PBXVariantGroup section */
		ACC499AB1A0C3055000E5073 /* Main.storyboard */ = {
			isa = PBXVariantGroup;
			children = (
				ACC499AC1A0C3055000E5073 /* Base */,
			);
			name = Main.storyboard;
			sourceTree = "<group>";
		};
		ACC499B01A0C3055000E5073 /* LaunchScreen.xib */ = {
			isa = PBXVariantGroup;
			children = (
				ACC499B11A0C3055000E5073 /* Base */,
			);
			name = LaunchScreen.xib;
			sourceTree = "<group>";
		};
/* End PBXVariantGroup section */

/* Begin XCBuildConfiguration section */
		ACC499BF1A0C3056000E5073 /* Debug */ = {
			isa = XCBuildConfiguration;
			buildSettings = {
				ALWAYS_SEARCH_USER_PATHS = NO;
				CLANG_CXX_LANGUAGE_STANDARD = "gnu++0x";
				CLANG_CXX_LIBRARY = "libc++";
				CLANG_ENABLE_MODULES = YES;
				CLANG_ENABLE_OBJC_ARC = YES;
				CLANG_WARN_BOOL_CONVERSION = YES;
				CLANG_WARN_CONSTANT_CONVERSION = YES;
				CLANG_WARN_DIRECT_OBJC_ISA_USAGE = YES_ERROR;
				CLANG_WARN_EMPTY_BODY = YES;
				CLANG_WARN_ENUM_CONVERSION = YES;
				CLANG_WARN_INT_CONVERSION = YES;
				CLANG_WARN_OBJC_ROOT_CLASS = YES_ERROR;
				CLANG_WARN_UNREACHABLE_CODE = YES;
				CLANG_WARN__DUPLICATE_METHOD_MATCH = YES;
				"CODE_SIGN_IDENTITY[sdk=iphoneos*]" = "iPhone Developer";
				COPY_PHASE_STRIP = NO;
				ENABLE_STRICT_OBJC_MSGSEND = YES;
				GCC_C_LANGUAGE_STANDARD = gnu99;
				GCC_DYNAMIC_NO_PIC = NO;
				GCC_OPTIMIZATION_LEVEL = 0;
				GCC_PREPROCESSOR_DEFINITIONS = (
					"DEBUG=1",
					"$(inherited)",
				);
				GCC_SYMBOLS_PRIVATE_EXTERN = NO;
				GCC_WARN_64_TO_32_BIT_CONVERSION = YES;
				GCC_WARN_ABOUT_RETURN_TYPE = YES_ERROR;
				GCC_WARN_UNDECLARED_SELECTOR = YES;
				GCC_WARN_UNINITIALIZED_AUTOS = YES_AGGRESSIVE;
				GCC_WARN_UNUSED_FUNCTION = YES;
				GCC_WARN_UNUSED_VARIABLE = YES;
				IPHONEOS_DEPLOYMENT_TARGET = 8.0;
				MTL_ENABLE_DEBUG_INFO = YES;
				ONLY_ACTIVE_ARCH = YES;
				SDKROOT = iphoneos;
				SWIFT_OPTIMIZATION_LEVEL = "-Onone";
			};
			name = Debug;
		};
		ACC499C01A0C3056000E5073 /* Release */ = {
			isa = XCBuildConfiguration;
			buildSettings = {
				ALWAYS_SEARCH_USER_PATHS = NO;
				CLANG_CXX_LANGUAGE_STANDARD = "gnu++0x";
				CLANG_CXX_LIBRARY = "libc++";
				CLANG_ENABLE_MODULES = YES;
				CLANG_ENABLE_OBJC_ARC = YES;
				CLANG_WARN_BOOL_CONVERSION = YES;
				CLANG_WARN_CONSTANT_CONVERSION = YES;
				CLANG_WARN_DIRECT_OBJC_ISA_USAGE = YES_ERROR;
				CLANG_WARN_EMPTY_BODY = YES;
				CLANG_WARN_ENUM_CONVERSION = YES;
				CLANG_WARN_INT_CONVERSION = YES;
				CLANG_WARN_OBJC_ROOT_CLASS = YES_ERROR;
				CLANG_WARN_UNREACHABLE_CODE = YES;
				CLANG_WARN__DUPLICATE_METHOD_MATCH = YES;
				"CODE_SIGN_IDENTITY[sdk=iphoneos*]" = "iPhone Developer";
				COPY_PHASE_STRIP = YES;
				ENABLE_NS_ASSERTIONS = NO;
				ENABLE_STRICT_OBJC_MSGSEND = YES;
				GCC_C_LANGUAGE_STANDARD = gnu99;
				GCC_WARN_64_TO_32_BIT_CONVERSION = YES;
				GCC_WARN_ABOUT_RETURN_TYPE = YES_ERROR;
				GCC_WARN_UNDECLARED_SELECTOR = YES;
				GCC_WARN_UNINITIALIZED_AUTOS = YES_AGGRESSIVE;
				GCC_WARN_UNUSED_FUNCTION = YES;
				GCC_WARN_UNUSED_VARIABLE = YES;
				IPHONEOS_DEPLOYMENT_TARGET = 8.0;
				MTL_ENABLE_DEBUG_INFO = NO;
				SDKROOT = iphoneos;
				VALIDATE_PRODUCT = YES;
			};
			name = Release;
		};
		ACC499C21A0C3056000E5073 /* Debug */ = {
			isa = XCBuildConfiguration;
			buildSettings = {
				ASSETCATALOG_COMPILER_APPICON_NAME = AppIcon;
				CODE_SIGN_ENTITLEMENTS = theList/theList.entitlements;
				CODE_SIGN_IDENTITY = "iPhone Developer";
				"CODE_SIGN_IDENTITY[sdk=iphoneos*]" = "iPhone Developer";
				FRAMEWORK_SEARCH_PATHS = (
					"$(inherited)",
					/Users/cscrew/Desktop/FacebookSDK,
					/Users/wakeson/Desktop/facebookPhotos/FacebookSDK,
				);
				INFOPLIST_FILE = theList/Info.plist;
				LD_RUNPATH_SEARCH_PATHS = "$(inherited) @executable_path/Frameworks";
				PRODUCT_NAME = "$(TARGET_NAME)";
				PROVISIONING_PROFILE = "";
				SWIFT_OBJC_BRIDGING_HEADER = "theList/Bridge-Header.h";
				TARGETED_DEVICE_FAMILY = 1;
			};
			name = Debug;
		};
		ACC499C31A0C3056000E5073 /* Release */ = {
			isa = XCBuildConfiguration;
			buildSettings = {
				ASSETCATALOG_COMPILER_APPICON_NAME = AppIcon;
				CODE_SIGN_ENTITLEMENTS = theList/theList.entitlements;
				CODE_SIGN_IDENTITY = "iPhone Developer";
				"CODE_SIGN_IDENTITY[sdk=iphoneos*]" = "iPhone Developer";
				FRAMEWORK_SEARCH_PATHS = (
					"$(inherited)",
					/Users/cscrew/Desktop/FacebookSDK,
					/Users/wakeson/Desktop/facebookPhotos/FacebookSDK,
				);
				INFOPLIST_FILE = theList/Info.plist;
				LD_RUNPATH_SEARCH_PATHS = "$(inherited) @executable_path/Frameworks";
				PRODUCT_NAME = "$(TARGET_NAME)";
				PROVISIONING_PROFILE = "";
				SWIFT_OBJC_BRIDGING_HEADER = "theList/Bridge-Header.h";
				TARGETED_DEVICE_FAMILY = 1;
			};
			name = Release;
		};
		ACC499C51A0C3056000E5073 /* Debug */ = {
			isa = XCBuildConfiguration;
			buildSettings = {
				BUNDLE_LOADER = "$(TEST_HOST)";
				FRAMEWORK_SEARCH_PATHS = (
					"$(SDKROOT)/Developer/Library/Frameworks",
					"$(inherited)",
				);
				GCC_PREPROCESSOR_DEFINITIONS = (
					"DEBUG=1",
					"$(inherited)",
				);
				INFOPLIST_FILE = theListTests/Info.plist;
				LD_RUNPATH_SEARCH_PATHS = "$(inherited) @executable_path/Frameworks @loader_path/Frameworks";
				PRODUCT_NAME = "$(TARGET_NAME)";
				TEST_HOST = "$(BUILT_PRODUCTS_DIR)/theList.app/theList";
			};
			name = Debug;
		};
		ACC499C61A0C3056000E5073 /* Release */ = {
			isa = XCBuildConfiguration;
			buildSettings = {
				BUNDLE_LOADER = "$(TEST_HOST)";
				FRAMEWORK_SEARCH_PATHS = (
					"$(SDKROOT)/Developer/Library/Frameworks",
					"$(inherited)",
				);
				INFOPLIST_FILE = theListTests/Info.plist;
				LD_RUNPATH_SEARCH_PATHS = "$(inherited) @executable_path/Frameworks @loader_path/Frameworks";
				PRODUCT_NAME = "$(TARGET_NAME)";
				TEST_HOST = "$(BUILT_PRODUCTS_DIR)/theList.app/theList";
			};
			name = Release;
		};
/* End XCBuildConfiguration section */

/* Begin XCConfigurationList section */
		ACC4999A1A0C3055000E5073 /* Build configuration list for PBXProject "theList" */ = {
			isa = XCConfigurationList;
			buildConfigurations = (
				ACC499BF1A0C3056000E5073 /* Debug */,
				ACC499C01A0C3056000E5073 /* Release */,
			);
			defaultConfigurationIsVisible = 0;
			defaultConfigurationName = Release;
		};
		ACC499C11A0C3056000E5073 /* Build configuration list for PBXNativeTarget "theList" */ = {
			isa = XCConfigurationList;
			buildConfigurations = (
				ACC499C21A0C3056000E5073 /* Debug */,
				ACC499C31A0C3056000E5073 /* Release */,
			);
			defaultConfigurationIsVisible = 0;
			defaultConfigurationName = Release;
		};
		ACC499C41A0C3056000E5073 /* Build configuration list for PBXNativeTarget "theListTests" */ = {
			isa = XCConfigurationList;
			buildConfigurations = (
				ACC499C51A0C3056000E5073 /* Debug */,
				ACC499C61A0C3056000E5073 /* Release */,
			);
			defaultConfigurationIsVisible = 0;
			defaultConfigurationName = Release;
		};
/* End XCConfigurationList section */

/* Begin XCVersionGroup section */
		ACC499A61A0C3055000E5073 /* theList.xcdatamodeld */ = {
			isa = XCVersionGroup;
			children = (
				ACC499A71A0C3055000E5073 /* theList.xcdatamodel */,
			);
			currentVersion = ACC499A71A0C3055000E5073 /* theList.xcdatamodel */;
			path = theList.xcdatamodeld;
			sourceTree = "<group>";
			versionGroupType = wrapper.xcdatamodel;
		};
/* End XCVersionGroup section */
	};
	rootObject = ACC499971A0C3055000E5073 /* Project object */;
}
